
Microsoft Visual Studio Solution File, Format Version 12.00
# Visual Studio Version 16
VisualStudioVersion = 16.0.30717.126
MinimumVisualStudioVersion = 10.0.40219.1
Project("{FAE04EC0-301F-11D3-BF4B-00C04F79EFBC}") = "JayCasino.Api", "JayCasino.Api\JayCasino.Api.csproj", "{B99A12CE-BF78-4A33-999E-9ACC174E6207}"
EndProject
Project("{FAE04EC0-301F-11D3-BF4B-00C04F79EFBC}") = "JayCasino.Business", "JayCasino.Business\JayCasino.Business.csproj", "{93F8E871-F553-4904-99D9-2956005D0DCB}"
EndProject
Project("{FAE04EC0-301F-11D3-BF4B-00C04F79EFBC}") = "JayCasino.Data", "JayCasino.Data\JayCasino.Data.csproj", "{F7EC4C4D-1BEF-4A6C-8C1B-D31AE0CAC935}"
EndProject
Project("{FAE04EC0-301F-11D3-BF4B-00C04F79EFBC}") = "JayCasino.Web", "JayCasino.Web\JayCasino.Web.csproj", "{BE26BF41-7B35-49B5-AFF3-895E05FC3B53}"
EndProject
Project("{FAE04EC0-301F-11D3-BF4B-00C04F79EFBC}") = "JayCasino.Utilities", "JayCasino.Utilities\JayCasino.Utilities.csproj", "{11476AFF-73E9-4C0A-9240-C691EFE38EF9}"
EndProject
Global
	GlobalSection(SolutionConfigurationPlatforms) = preSolution
		Debug|Any CPU = Debug|Any CPU
		Release|Any CPU = Release|Any CPU
	EndGlobalSection
	GlobalSection(ProjectConfigurationPlatforms) = postSolution
		{B99A12CE-BF78-4A33-999E-9ACC174E6207}.Debug|Any CPU.ActiveCfg = Debug|Any CPU
		{B99A12CE-BF78-4A33-999E-9ACC174E6207}.Debug|Any CPU.Build.0 = Debug|Any CPU
		{B99A12CE-BF78-4A33-999E-9ACC174E6207}.Release|Any CPU.ActiveCfg = Release|Any CPU
		{B99A12CE-BF78-4A33-999E-9ACC174E6207}.Release|Any CPU.Build.0 = Release|Any CPU
		{93F8E871-F553-4904-99D9-2956005D0DCB}.Debug|Any CPU.ActiveCfg = Debug|Any CPU
		{93F8E871-F553-4904-99D9-2956005D0DCB}.Debug|Any CPU.Build.0 = Debug|Any CPU
		{93F8E871-F553-4904-99D9-2956005D0DCB}.Release|Any CPU.ActiveCfg = Release|Any CPU
		{93F8E871-F553-4904-99D9-2956005D0DCB}.Release|Any CPU.Build.0 = Release|Any CPU
		{F7EC4C4D-1BEF-4A6C-8C1B-D31AE0CAC935}.Debug|Any CPU.ActiveCfg = Debug|Any CPU
		{F7EC4C4D-1BEF-4A6C-8C1B-D31AE0CAC935}.Debug|Any CPU.Build.0 = Debug|Any CPU
		{F7EC4C4D-1BEF-4A6C-8C1B-D31AE0CAC935}.Release|Any CPU.ActiveCfg = Release|Any CPU
		{F7EC4C4D-1BEF-4A6C-8C1B-D31AE0CAC935}.Release|Any CPU.Build.0 = Release|Any CPU
		{BE26BF41-7B35-49B5-AFF3-895E05FC3B53}.Debug|Any CPU.ActiveCfg = Debug|Any CPU
		{BE26BF41-7B35-49B5-AFF3-895E05FC3B53}.Debug|Any CPU.Build.0 = Debug|Any CPU
		{BE26BF41-7B35-49B5-AFF3-895E05FC3B53}.Release|Any CPU.ActiveCfg = Release|Any CPU
		{BE26BF41-7B35-49B5-AFF3-895E05FC3B53}.Release|Any CPU.Build.0 = Release|Any CPU
		{11476AFF-73E9-4C0A-9240-C691EFE38EF9}.Debug|Any CPU.ActiveCfg = Debug|Any CPU
		{11476AFF-73E9-4C0A-9240-C691EFE38EF9}.Debug|Any CPU.Build.0 = Debug|Any CPU
		{11476AFF-73E9-4C0A-9240-C691EFE38EF9}.Release|Any CPU.ActiveCfg = Release|Any CPU
		{11476AFF-73E9-4C0A-9240-C691EFE38EF9}.Release|Any CPU.Build.0 = Release|Any CPU
	EndGlobalSection
	GlobalSection(SolutionProperties) = preSolution
		HideSolutionNode = FALSE
	EndGlobalSection
	GlobalSection(ExtensibilityGlobals) = postSolution
		SolutionGuid = {0983E857-DD8B-49DF-80F7-A264E547B2D1}
	EndGlobalSection
EndGlobal
